// !$*UTF8*$!
{
	archiveVersion = 1;
	classes = {
	};
	objectVersion = 50;
	objects = {

/* Begin PBXBuildFile section */
		8CAFF0BC25B869AF0007D65F /* AppDelegate.swift in Sources */ = {isa = PBXBuildFile; fileRef = 8CAFF0BB25B869AF0007D65F /* AppDelegate.swift */; };
		8CAFF0BE25B869AF0007D65F /* ContentView.swift in Sources */ = {isa = PBXBuildFile; fileRef = 8CAFF0BD25B869AF0007D65F /* ContentView.swift */; };
		8CAFF0C025B869B10007D65F /* Assets.xcassets in Resources */ = {isa = PBXBuildFile; fileRef = 8CAFF0BF25B869B10007D65F /* Assets.xcassets */; };
		8CAFF0C325B869B10007D65F /* Preview Assets.xcassets in Resources */ = {isa = PBXBuildFile; fileRef = 8CAFF0C225B869B10007D65F /* Preview Assets.xcassets */; };
		8CAFF0C625B869B10007D65F /* Main.storyboard in Resources */ = {isa = PBXBuildFile; fileRef = 8CAFF0C425B869B10007D65F /* Main.storyboard */; };
		8CAFF0D125B86FB50007D65F /* TextTools.swift in Sources */ = {isa = PBXBuildFile; fileRef = 8CAFF0D025B86FB50007D65F /* TextTools.swift */; };
/* End PBXBuildFile section */

/* Begin PBXFileReference section */
		8CAFF0B825B869AF0007D65F /* AppIcon.app */ = {isa = PBXFileReference; explicitFileType = wrapper.application; includeInIndex = 0; path = AppIcon.app; sourceTree = BUILT_PRODUCTS_DIR; };
		8CAFF0BB25B869AF0007D65F /* AppDelegate.swift */ = {isa = PBXFileReference; lastKnownFileType = sourcecode.swift; path = AppDelegate.swift; sourceTree = "<group>"; };
		8CAFF0BD25B869AF0007D65F /* ContentView.swift */ = {isa = PBXFileReference; lastKnownFileType = sourcecode.swift; path = ContentView.swift; sourceTree = "<group>"; };
		8CAFF0BF25B869B10007D65F /* Assets.xcassets */ = {isa = PBXFileReference; lastKnownFileType = folder.assetcatalog; path = Assets.xcassets; sourceTree = "<group>"; };
		8CAFF0C225B869B10007D65F /* Preview Assets.xcassets */ = {isa = PBXFileReference; lastKnownFileType = folder.assetcatalog; path = "Preview Assets.xcassets"; sourceTree = "<group>"; };
		8CAFF0C525B869B10007D65F /* Base */ = {isa = PBXFileReference; lastKnownFileType = file.storyboard; name = Base; path = Base.lproj/Main.storyboard; sourceTree = "<group>"; };
		8CAFF0C725B869B10007D65F /* Info.plist */ = {isa = PBXFileReference; lastKnownFileType = text.plist.xml; path = Info.plist; sourceTree = "<group>"; };
		8CAFF0C825B869B10007D65F /* AppIcon.entitlements */ = {isa = PBXFileReference; lastKnownFileType = text.plist.entitlements; path = AppIcon.entitlements; sourceTree = "<group>"; };
		8CAFF0D025B86FB50007D65F /* TextTools.swift */ = {isa = PBXFileReference; lastKnownFileType = sourcecode.swift; path = TextTools.swift; sourceTree = "<group>"; };
/* End PBXFileReference section */

/* Begin PBXFrameworksBuildPhase section */
		8CAFF0B525B869AF0007D65F /* Frameworks */ = {
			isa = PBXFrameworksBuildPhase;
			buildActionMask = 2147483647;
			files = (
			);
			runOnlyForDeploymentPostprocessing = 0;
		};
/* End PBXFrameworksBuildPhase section */

/* Begin PBXGroup section */
		8CAFF0AF25B869AF0007D65F = {
			isa = PBXGroup;
			children = (
				8CAFF0BA25B869AF0007D65F /* AppIcon */,
				8CAFF0B925B869AF0007D65F /* Products */,
			);
			sourceTree = "<group>";
		};
		8CAFF0B925B869AF0007D65F /* Products */ = {
			isa = PBXGroup;
			children = (
				8CAFF0B825B869AF0007D65F /* AppIcon.app */,
			);
			name = Products;
			sourceTree = "<group>";
		};
		8CAFF0BA25B869AF0007D65F /* AppIcon */ = {
			isa = PBXGroup;
			children = (
				8CAFF0CF25B86F9D0007D65F /* Tools */,
				8CAFF0BB25B869AF0007D65F /* AppDelegate.swift */,
				8CAFF0BD25B869AF0007D65F /* ContentView.swift */,
				8CAFF0BF25B869B10007D65F /* Assets.xcassets */,
				8CAFF0C425B869B10007D65F /* Main.storyboard */,
				8CAFF0C725B869B10007D65F /* Info.plist */,
				8CAFF0C825B869B10007D65F /* AppIcon.entitlements */,
				8CAFF0C125B869B10007D65F /* Preview Content */,
			);
			path = AppIcon;
			sourceTree = "<group>";
		};
		8CAFF0C125B869B10007D65F /* Preview Content */ = {
			isa = PBXGroup;
			children = (
				8CAFF0C225B869B10007D65F /* Preview Assets.xcassets */,
			);
			path = "Preview Content";
			sourceTree = "<group>";
		};
		8CAFF0CF25B86F9D0007D65F /* Tools */ = {
			isa = PBXGroup;
			children = (
				8CAFF0D025B86FB50007D65F /* TextTools.swift */,
			);
			path = Tools;
			sourceTree = "<group>";
		};
/* End PBXGroup section */

/* Begin PBXNativeTarget section */
		8CAFF0B725B869AF0007D65F /* AppIcon */ = {
			isa = PBXNativeTarget;
			buildConfigurationList = 8CAFF0CB25B869B10007D65F /* Build configuration list for PBXNativeTarget "AppIcon" */;
			buildPhases = (
				8CAFF0B425B869AF0007D65F /* Sources */,
				8CAFF0B525B869AF0007D65F /* Frameworks */,
				8CAFF0B625B869AF0007D65F /* Resources */,
			);
			buildRules = (
			);
			dependencies = (
			);
			name = AppIcon;
			productName = AppIcon;
			productReference = 8CAFF0B825B869AF0007D65F /* AppIcon.app */;
			productType = "com.apple.product-type.application";
		};
/* End PBXNativeTarget section */

/* Begin PBXProject section */
		8CAFF0B025B869AF0007D65F /* Project object */ = {
			isa = PBXProject;
			attributes = {
				LastSwiftUpdateCheck = 1210;
				LastUpgradeCheck = 1210;
				TargetAttributes = {
					8CAFF0B725B869AF0007D65F = {
						CreatedOnToolsVersion = 12.1;
					};
				};
			};
			buildConfigurationList = 8CAFF0B325B869AF0007D65F /* Build configuration list for PBXProject "AppIcon" */;
			compatibilityVersion = "Xcode 9.3";
			developmentRegion = en;
			hasScannedForEncodings = 0;
			knownRegions = (
				en,
				Base,
			);
			mainGroup = 8CAFF0AF25B869AF0007D65F;
			productRefGroup = 8CAFF0B925B869AF0007D65F /* Products */;
			projectDirPath = "";
			projectRoot = "";
			targets = (
				8CAFF0B725B869AF0007D65F /* AppIcon */,
			);
		};
/* End PBXProject section */

/* Begin PBXResourcesBuildPhase section */
		8CAFF0B625B869AF0007D65F /* Resources */ = {
			isa = PBXResourcesBuildPhase;
			buildActionMask = 2147483647;
			files = (
				8CAFF0C625B869B10007D65F /* Main.storyboard in Resources */,
				8CAFF0C325B869B10007D65F /* Preview Assets.xcassets in Resources */,
				8CAFF0C025B869B10007D65F /* Assets.xcassets in Resources */,
			);
			runOnlyForDeploymentPostprocessing = 0;
		};
/* End PBXResourcesBuildPhase section */

/* Begin PBXSourcesBuildPhase section */
		8CAFF0B425B869AF0007D65F /* Sources */ = {
			isa = PBXSourcesBuildPhase;
			buildActionMask = 2147483647;
			files = (
				8CAFF0BE25B869AF0007D65F /* ContentView.swift in Sources */,
				8CAFF0BC25B869AF0007D65F /* AppDelegate.swift in Sources */,
				8CAFF0D125B86FB50007D65F /* TextTools.swift in Sources */,
			);
			runOnlyForDeploymentPostprocessing = 0;
		};
/* End PBXSourcesBuildPhase section */

/* Begin PBXVariantGroup section */
		8CAFF0C425B869B10007D65F /* Main.storyboard */ = {
			isa = PBXVariantGroup;
			children = (
				8CAFF0C525B869B10007D65F /* Base */,
			);
			name = Main.storyboard;
			sourceTree = "<group>";
		};
/* End PBXVariantGroup section */

/* Begin XCBuildConfiguration section */
		8CAFF0C925B869B10007D65F /* Debug */ = {
			isa = XCBuildConfiguration;
			buildSettings = {
				ALWAYS_SEARCH_USER_PATHS = NO;
				CLANG_ANALYZER_NONNULL = YES;
				CLANG_ANALYZER_NUMBER_OBJECT_CONVERSION = YES_AGGRESSIVE;
				CLANG_CXX_LANGUAGE_STANDARD = "gnu++14";
				CLANG_CXX_LIBRARY = "libc++";
				CLANG_ENABLE_MODULES = YES;
				CLANG_ENABLE_OBJC_ARC = YES;
				CLANG_ENABLE_OBJC_WEAK = YES;
				CLANG_WARN_BLOCK_CAPTURE_AUTORELEASING = YES;
				CLANG_WARN_BOOL_CONVERSION = YES;
				CLANG_WARN_COMMA = YES;
				CLANG_WARN_CONSTANT_CONVERSION = YES;
				CLANG_WARN_DEPRECATED_OBJC_IMPLEMENTATIONS = YES;
				CLANG_WARN_DIRECT_OBJC_ISA_USAGE = YES_ERROR;
				CLANG_WARN_DOCUMENTATION_COMMENTS = YES;
				CLANG_WARN_EMPTY_BODY = YES;
				CLANG_WARN_ENUM_CONVERSION = YES;
				CLANG_WARN_INFINITE_RECURSION = YES;
				CLANG_WARN_INT_CONVERSION = YES;
				CLANG_WARN_NON_LITERAL_NULL_CONVERSION = YES;
				CLANG_WARN_OBJC_IMPLICIT_RETAIN_SELF = YES;
				CLANG_WARN_OBJC_LITERAL_CONVERSION = YES;
				CLANG_WARN_OBJC_ROOT_CLASS = YES_ERROR;
				CLANG_WARN_QUOTED_INCLUDE_IN_FRAMEWORK_HEADER = YES;
				CLANG_WARN_RANGE_LOOP_ANALYSIS = YES;
				CLANG_WARN_STRICT_PROTOTYPES = YES;
				CLANG_WARN_SUSPICIOUS_MOVE = YES;
				CLANG_WARN_UNGUARDED_AVAILABILITY = YES_AGGRESSIVE;
				CLANG_WARN_UNREACHABLE_CODE = YES;
				CLANG_WARN__DUPLICATE_METHOD_MATCH = YES;
				COPY_PHASE_STRIP = NO;
				DEBUG_INFORMATION_FORMAT = dwarf;
				ENABLE_STRICT_OBJC_MSGSEND = YES;
				ENABLE_TESTABILITY = YES;
				GCC_C_LANGUAGE_STANDARD = gnu11;
				GCC_DYNAMIC_NO_PIC = NO;
				GCC_NO_COMMON_BLOCKS = YES;
				GCC_OPTIMIZATION_LEVEL = 0;
				GCC_PREPROCESSOR_DEFINITIONS = (
					"DEBUG=1",
					"$(inherited)",
				);
				GCC_WARN_64_TO_32_BIT_CONVERSION = YES;
				GCC_WARN_ABOUT_RETURN_TYPE = YES_ERROR;
				GCC_WARN_UNDECLARED_SELECTOR = YES;
				GCC_WARN_UNINITIALIZED_AUTOS = YES_AGGRESSIVE;
				GCC_WARN_UNUSED_FUNCTION = YES;
				GCC_WARN_UNUSED_VARIABLE = YES;
				MACOSX_DEPLOYMENT_TARGET = 10.15;
				MTL_ENABLE_DEBUG_INFO = INCLUDE_SOURCE;
				MTL_FAST_MATH = YES;
				ONLY_ACTIVE_ARCH = YES;
				SDKROOT = macosx;
				SWIFT_ACTIVE_COMPILATION_CONDITIONS = DEBUG;
				SWIFT_OPTIMIZATION_LEVEL = "-Onone";
			};
			name = Debug;
		};
		8CAFF0CA25B869B10007D65F /* Release */ = {
			isa = XCBuildConfiguration;
			buildSettings = {
				ALWAYS_SEARCH_USER_PATHS = NO;
				CLANG_ANALYZER_NONNULL = YES;
				CLANG_ANALYZER_NUMBER_OBJECT_CONVERSION = YES_AGGRESSIVE;
				CLANG_CXX_LANGUAGE_STANDARD = "gnu++14";
				CLANG_CXX_LIBRARY = "libc++";
				CLANG_ENABLE_MODULES = YES;
				CLANG_ENABLE_OBJC_ARC = YES;
				CLANG_ENABLE_OBJC_WEAK = YES;
				CLANG_WARN_BLOCK_CAPTURE_AUTORELEASING = YES;
				CLANG_WARN_BOOL_CONVERSION = YES;
				CLANG_WARN_COMMA = YES;
				CLANG_WARN_CONSTANT_CONVERSION = YES;
				CLANG_WARN_DEPRECATED_OBJC_IMPLEMENTATIONS = YES;
				CLANG_WARN_DIRECT_OBJC_ISA_USAGE = YES_ERROR;
				CLANG_WARN_DOCUMENTATION_COMMENTS = YES;
				CLANG_WARN_EMPTY_BODY = YES;
				CLANG_WARN_ENUM_CONVERSION = YES;
				CLANG_WARN_INFINITE_RECURSION = YES;
				CLANG_WARN_INT_CONVERSION = YES;
				CLANG_WARN_NON_LITERAL_NULL_CONVERSION = YES;
				CLANG_WARN_OBJC_IMPLICIT_RETAIN_SELF = YES;
				CLANG_WARN_OBJC_LITERAL_CONVERSION = YES;
				CLANG_WARN_OBJC_ROOT_CLASS = YES_ERROR;
				CLANG_WARN_QUOTED_INCLUDE_IN_FRAMEWORK_HEADER = YES;
				CLANG_WARN_RANGE_LOOP_ANALYSIS = YES;
				CLANG_WARN_STRICT_PROTOTYPES = YES;
				CLANG_WARN_SUSPICIOUS_MOVE = YES;
				CLANG_WARN_UNGUARDED_AVAILABILITY = YES_AGGRESSIVE;
				CLANG_WARN_UNREACHABLE_CODE = YES;
				CLANG_WARN__DUPLICATE_METHOD_MATCH = YES;
				COPY_PHASE_STRIP = NO;
				DEBUG_INFORMATION_FORMAT = "dwarf-with-dsym";
				ENABLE_NS_ASSERTIONS = NO;
				ENABLE_STRICT_OBJC_MSGSEND = YES;
				GCC_C_LANGUAGE_STANDARD = gnu11;
				GCC_NO_COMMON_BLOCKS = YES;
				GCC_WARN_64_TO_32_BIT_CONVERSION = YES;
				GCC_WARN_ABOUT_RETURN_TYPE = YES_ERROR;
				GCC_WARN_UNDECLARED_SELECTOR = YES;
				GCC_WARN_UNINITIALIZED_AUTOS = YES_AGGRESSIVE;
				GCC_WARN_UNUSED_FUNCTION = YES;
				GCC_WARN_UNUSED_VARIABLE = YES;
				MACOSX_DEPLOYMENT_TARGET = 10.15;
				MTL_ENABLE_DEBUG_INFO = NO;
				MTL_FAST_MATH = YES;
				SDKROOT = macosx;
				SWIFT_COMPILATION_MODE = wholemodule;
				SWIFT_OPTIMIZATION_LEVEL = "-O";
			};
			name = Release;
		};
		8CAFF0CC25B869B10007D65F /* Debug */ = {
			isa = XCBuildConfiguration;
			buildSettings = {
				ASSETCATALOG_COMPILER_APPICON_NAME = AppIcon;
				ASSETCATALOG_COMPILER_GLOBAL_ACCENT_COLOR_NAME = AccentColor;
				CODE_SIGN_ENTITLEMENTS = AppIcon/AppIcon.entitlements;
				CODE_SIGN_STYLE = Automatic;
				COMBINE_HIDPI_IMAGES = YES;
				DEVELOPMENT_ASSET_PATHS = "\"AppIcon/Preview Content\"";
				DEVELOPMENT_TEAM = 499EE83822;
				ENABLE_HARDENED_RUNTIME = YES;
				ENABLE_PREVIEWS = YES;
				INFOPLIST_FILE = AppIcon/Info.plist;
				LD_RUNPATH_SEARCH_PATHS = (
					"$(inherited)",
					"@executable_path/../Frameworks",
				);
				MACOSX_DEPLOYMENT_TARGET = 10.15;
				PRODUCT_BUNDLE_IDENTIFIER = com.byneer.AppIcon;
				PRODUCT_NAME = "$(TARGET_NAME)";
				SWIFT_VERSION = 5.0;
			};
			name = Debug;
		};
		8CAFF0CD25B869B10007D65F /* Release */ = {
			isa = XCBuildConfiguration;
			buildSettings = {
				ASSETCATALOG_COMPILER_APPICON_NAME = AppIcon;
				ASSETCATALOG_COMPILER_GLOBAL_ACCENT_COLOR_NAME = AccentColor;
				CODE_SIGN_ENTITLEMENTS = AppIcon/AppIcon.entitlements;
				CODE_SIGN_STYLE = Automatic;
				COMBINE_HIDPI_IMAGES = YES;
				DEVELOPMENT_ASSET_PATHS = "\"AppIcon/Preview Content\"";
				DEVELOPMENT_TEAM = 499EE83822;
				ENABLE_HARDENED_RUNTIME = YES;
				ENABLE_PREVIEWS = YES;
				INFOPLIST_FILE = AppIcon/Info.plist;
				LD_RUNPATH_SEARCH_PATHS = (
					"$(inherited)",
					"@executable_path/../Frameworks",
				);
				MACOSX_DEPLOYMENT_TARGET = 10.15;
				PRODUCT_BUNDLE_IDENTIFIER = com.byneer.AppIcon;
				PRODUCT_NAME = "$(TARGET_NAME)";
				SWIFT_VERSION = 5.0;
			};
			name = Release;
		};
/* End XCBuildConfiguration section */

/* Begin XCConfigurationList section */
		8CAFF0B325B869AF0007D65F /* Build configuration list for PBXProject "AppIcon" */ = {
			isa = XCConfigurationList;
			buildConfigurations = (
				8CAFF0C925B869B10007D65F /* Debug */,
				8CAFF0CA25B869B10007D65F /* Release */,
			);
			defaultConfigurationIsVisible = 0;
			defaultConfigurationName = Release;
		};
		8CAFF0CB25B869B10007D65F /* Build configuration list for PBXNativeTarget "AppIcon" */ = {
			isa = XCConfigurationList;
			buildConfigurations = (
				8CAFF0CC25B869B10007D65F /* Debug */,
				8CAFF0CD25B869B10007D65F /* Release */,
			);
			defaultConfigurationIsVisible = 0;
			defaultConfigurationName = Release;
		};
/* End XCConfigurationList section */
	};
	rootObject = 8CAFF0B025B869AF0007D65F /* Project object */;
}
